github.com/go-chi/chi/v5 v5.0.12 h1:9euLV5sTrTNTRUU9POmDUvfxyj6LAABLUcEWO+JJb4s=
github.com/go-chi/chi/v5 v5.0.12/go.mod h1:DslCQbL2OYiznFReuXYUmQ2hGd1aDpCnlMNITLSKoi8=
github.com/gorilla/websocket v1.5.1 h1:gmztn0JnHVt9JZquRuzLw3g4wouNVzKL15iLr/zn/QY=
github.com/gorilla/websocket v1.5.1/go.mod h1:x3kM2JMyaluk02fnUJpQuwD2dCS5NDG2ZHL0uE0tcaY=
github.com/tsawler/page v1.0.1 h1:9op8OKw2O2/EVGYqtSVJyobEPoApaLI3V8LQxF0Blnc=
github.com/tsawler/page v1.0.1/go.mod h1:N+uTJVQAa/0Urjt7CYfHlEqMiBj7d8UAIc+gahyfqPY=
github.com/tsawler/toolbox v1.3.1 h1:zqnt5L5dmWiBrs2JgE1VeHJJO/IMStFKQgWxc+eriEE=
github.com/tsawler/toolbox v1.3.1/go.mod h1:bYUEtJ09HFx534XcjXdTIzv7MCKsg9SrhSGELFe6HI4=
github.com/tsawler/ws v1.0.1 h1:6OyeJ3HM2iX9UMaWvkBUGF5uALsbC5d7Uacbr4HAXS0=
github.com/tsawler/ws v1.0.1/go.mod h1:4Utna9lBRU+fhi2hCgB4G1CGA057AmbqRoC/2CqjrbQ=
github.com/tsawler/ws v1.1.0 h1:4Nf2uB3fBEC+2ORXY0kxedBFMj+Mx3Z2B8MlI1O/2rM=
github.com/tsawler/ws v1.1.0/go.mod h1:4Utna9lBRU+fhi2hCgB4G1CGA057AmbqRoC/2CqjrbQ=
github.com/tsawler/ws v1.1.1 h1:aqbxnz66UDadoYNaN+K5DhVN2fkS0yGiyYkQ+eiy1mg=
github.com/tsawler/ws v1.1.1/go.mod h1:qwyXwfe6x8b/X7nG3VCPG8HVXAoRfmMxAgVM1E4FfMo=
golang.org/x/net v0.17.0 h1:pVaXccu2ozPjCXewfr1S7xza/zcXTity9cCdXQYSjIM=
golang.org/x/net v0.17.0/go.mod h1:NxSsAGuq816PNPmqtQdLE42eU2Fs7NoRIZrHJAlaCOE=
golang.org/x/net v0.24.0 h1:1PcaxkF854Fu3+lvBIx5SYn9wRlBzzcnHZSiaFFAb0w=
golang.org/x/net v0.24.0/go.mod h1:2Q7sJY5mzlzWjKtYUEXSlBWCdyaioyXzRB2RtU8KVE8=
